// !$*UTF8*$!
{
	archiveVersion = 1;
	classes = {
	};
	objectVersion = 46;
	objects = {

/* Begin PBXBuildFile section */
		440C80A01EC518B20064911A /* AppDelegate.swift in Sources */ = {isa = PBXBuildFile; fileRef = 440C809F1EC518B20064911A /* AppDelegate.swift */; };
		440C80A21EC518B20064911A /* ViewController.swift in Sources */ = {isa = PBXBuildFile; fileRef = 440C80A11EC518B20064911A /* ViewController.swift */; };
		440C80A51EC518B20064911A /* Main.storyboard in Resources */ = {isa = PBXBuildFile; fileRef = 440C80A31EC518B20064911A /* Main.storyboard */; };
		440C80A81EC518B20064911A /* BballShoeCollector.xcdatamodeld in Sources */ = {isa = PBXBuildFile; fileRef = 440C80A61EC518B20064911A /* BballShoeCollector.xcdatamodeld */; };
		440C80AA1EC518B20064911A /* Assets.xcassets in Resources */ = {isa = PBXBuildFile; fileRef = 440C80A91EC518B20064911A /* Assets.xcassets */; };
		440C80AD1EC518B20064911A /* LaunchScreen.storyboard in Resources */ = {isa = PBXBuildFile; fileRef = 440C80AB1EC518B20064911A /* LaunchScreen.storyboard */; };
		440C80B51EC51C3C0064911A /* curry2_5.jpeg in Resources */ = {isa = PBXBuildFile; fileRef = 440C80B41EC51C3C0064911A /* curry2_5.jpeg */; };
		440C80B71EC520370064911A /* ShoeViewController.swift in Sources */ = {isa = PBXBuildFile; fileRef = 440C80B61EC520370064911A /* ShoeViewController.swift */; };
/* End PBXBuildFile section */

/* Begin PBXFileReference section */
		440C809C1EC518B20064911A /* BballShoeCollector.app */ = {isa = PBXFileReference; explicitFileType = wrapper.application; includeInIndex = 0; path = BballShoeCollector.app; sourceTree = BUILT_PRODUCTS_DIR; };
		440C809F1EC518B20064911A /* AppDelegate.swift */ = {isa = PBXFileReference; lastKnownFileType = sourcecode.swift; path = AppDelegate.swift; sourceTree = "<group>"; };
		440C80A11EC518B20064911A /* ViewController.swift */ = {isa = PBXFileReference; lastKnownFileType = sourcecode.swift; path = ViewController.swift; sourceTree = "<group>"; };
		440C80A41EC518B20064911A /* Base */ = {isa = PBXFileReference; lastKnownFileType = file.storyboard; name = Base; path = Base.lproj/Main.storyboard; sourceTree = "<group>"; };
		440C80A71EC518B20064911A /* BballShoeCollector.xcdatamodel */ = {isa = PBXFileReference; lastKnownFileType = wrapper.xcdatamodel; path = BballShoeCollector.xcdatamodel; sourceTree = "<group>"; };
		440C80A91EC518B20064911A /* Assets.xcassets */ = {isa = PBXFileReference; lastKnownFileType = folder.assetcatalog; path = Assets.xcassets; sourceTree = "<group>"; };
		440C80AC1EC518B20064911A /* Base */ = {isa = PBXFileReference; lastKnownFileType = file.storyboard; name = Base; path = Base.lproj/LaunchScreen.storyboard; sourceTree = "<group>"; };
		440C80AE1EC518B20064911A /* Info.plist */ = {isa = PBXFileReference; lastKnownFileType = text.plist.xml; path = Info.plist; sourceTree = "<group>"; };
		440C80B41EC51C3C0064911A /* curry2_5.jpeg */ = {isa = PBXFileReference; lastKnownFileType = image.jpeg; path = curry2_5.jpeg; sourceTree = "<group>"; };
		440C80B61EC520370064911A /* ShoeViewController.swift */ = {isa = PBXFileReference; fileEncoding = 4; lastKnownFileType = sourcecode.swift; path = ShoeViewController.swift; sourceTree = "<group>"; };
/* End PBXFileReference section */

/* Begin PBXFrameworksBuildPhase section */
		440C80991EC518B20064911A /* Frameworks */ = {
			isa = PBXFrameworksBuildPhase;
			buildActionMask = 2147483647;
			files = (
			);
			runOnlyForDeploymentPostprocessing = 0;
		};
/* End PBXFrameworksBuildPhase section */

/* Begin PBXGroup section */
		440C80931EC518B20064911A = {
			isa = PBXGroup;
			children = (
				440C809E1EC518B20064911A /* BballShoeCollector */,
				440C809D1EC518B20064911A /* Products */,
			);
			sourceTree = "<group>";
		};
		440C809D1EC518B20064911A /* Products */ = {
			isa = PBXGroup;
			children = (
				440C809C1EC518B20064911A /* BballShoeCollector.app */,
			);
			name = Products;
			sourceTree = "<group>";
		};
		440C809E1EC518B20064911A /* BballShoeCollector */ = {
			isa = PBXGroup;
			children = (
				440C809F1EC518B20064911A /* AppDelegate.swift */,
				440C80A11EC518B20064911A /* ViewController.swift */,
				440C80A31EC518B20064911A /* Main.storyboard */,
				440C80B61EC520370064911A /* ShoeViewController.swift */,
				440C80A91EC518B20064911A /* Assets.xcassets */,
				440C80AB1EC518B20064911A /* LaunchScreen.storyboard */,
				440C80AE1EC518B20064911A /* Info.plist */,
				440C80B41EC51C3C0064911A /* curry2_5.jpeg */,
				440C80A61EC518B20064911A /* BballShoeCollector.xcdatamodeld */,
			);
			path = BballShoeCollector;
			sourceTree = "<group>";
		};
/* End PBXGroup section */

/* Begin PBXNativeTarget section */
		440C809B1EC518B20064911A /* BballShoeCollector */ = {
			isa = PBXNativeTarget;
			buildConfigurationList = 440C80B11EC518B20064911A /* Build configuration list for PBXNativeTarget "BballShoeCollector" */;
			buildPhases = (
				440C80981EC518B20064911A /* Sources */,
				440C80991EC518B20064911A /* Frameworks */,
				440C809A1EC518B20064911A /* Resources */,
			);
			buildRules = (
			);
			dependencies = (
			);
			name = BballShoeCollector;
			productName = BballShoeCollector;
			productReference = 440C809C1EC518B20064911A /* BballShoeCollector.app */;
			productType = "com.apple.product-type.application";
		};
/* End PBXNativeTarget section */

/* Begin PBXProject section */
		440C80941EC518B20064911A /* Project object */ = {
			isa = PBXProject;
			attributes = {
				LastSwiftUpdateCheck = 0830;
				LastUpgradeCheck = 0830;
				ORGANIZATIONNAME = winstonlan;
				TargetAttributes = {
					440C809B1EC518B20064911A = {
						CreatedOnToolsVersion = 8.3.2;
						DevelopmentTeam = BHMLWY8X4F;
						ProvisioningStyle = Automatic;
					};
				};
			};
			buildConfigurationList = 440C80971EC518B20064911A /* Build configuration list for PBXProject "BballShoeCollector" */;
			compatibilityVersion = "Xcode 3.2";
			developmentRegion = English;
			hasScannedForEncodings = 0;
			knownRegions = (
				en,
				Base,
			);
			mainGroup = 440C80931EC518B20064911A;
			productRefGroup = 440C809D1EC518B20064911A /* Products */;
			projectDirPath = "";
			projectRoot = "";
			targets = (
				440C809B1EC518B20064911A /* BballShoeCollector */,
			);
		};
/* End PBXProject section */

/* Begin PBXResourcesBuildPhase section */
		440C809A1EC518B20064911A /* Resources */ = {
			isa = PBXResourcesBuildPhase;
			buildActionMask = 2147483647;
			files = (
				440C80B51EC51C3C0064911A /* curry2_5.jpeg in Resources */,
				440C80AD1EC518B20064911A /* LaunchScreen.storyboard in Resources */,
				440C80AA1EC518B20064911A /* Assets.xcassets in Resources */,
				440C80A51EC518B20064911A /* Main.storyboard in Resources */,
			);
			runOnlyForDeploymentPostprocessing = 0;
		};
/* End PBXResourcesBuildPhase section */

/* Begin PBXSourcesBuildPhase section */
		440C80981EC518B20064911A /* Sources */ = {
			isa = PBXSourcesBuildPhase;
			buildActionMask = 2147483647;
			files = (
				440C80A21EC518B20064911A /* ViewController.swift in Sources */,
				440C80B71EC520370064911A /* ShoeViewController.swift in Sources */,
				440C80A01EC518B20064911A /* AppDelegate.swift in Sources */,
				440C80A81EC518B20064911A /* BballShoeCollector.xcdatamodeld in Sources */,
			);
			runOnlyForDeploymentPostprocessing = 0;
		};
/* End PBXSourcesBuildPhase section */

/* Begin PBXVariantGroup section */
		440C80A31EC518B20064911A /* Main.storyboard */ = {
			isa = PBXVariantGroup;
			children = (
				440C80A41EC518B20064911A /* Base */,
			);
			name = Main.storyboard;
			sourceTree = "<group>";
		};
		440C80AB1EC518B20064911A /* LaunchScreen.storyboard */ = {
			isa = PBXVariantGroup;
			children = (
				440C80AC1EC518B20064911A /* Base */,
			);
			name = LaunchScreen.storyboard;
			sourceTree = "<group>";
		};
/* End PBXVariantGroup section */

/* Begin XCBuildConfiguration section */
		440C80AF1EC518B20064911A /* Debug */ = {
			isa = XCBuildConfiguration;
			buildSettings = {
				ALWAYS_SEARCH_USER_PATHS = NO;
				CLANG_ANALYZER_NONNULL = YES;
				CLANG_ANALYZER_NUMBER_OBJECT_CONVERSION = YES_AGGRESSIVE;
				CLANG_CXX_LANGUAGE_STANDARD = "gnu++0x";
				CLANG_CXX_LIBRARY = "libc++";
				CLANG_ENABLE_MODULES = YES;
				CLANG_ENABLE_OBJC_ARC = YES;
				CLANG_WARN_BOOL_CONVERSION = YES;
				CLANG_WARN_CONSTANT_CONVERSION = YES;
				CLANG_WARN_DIRECT_OBJC_ISA_USAGE = YES_ERROR;
				CLANG_WARN_DOCUMENTATION_COMMENTS = YES;
				CLANG_WARN_EMPTY_BODY = YES;
				CLANG_WARN_ENUM_CONVERSION = YES;
				CLANG_WARN_INFINITE_RECURSION = YES;
				CLANG_WARN_INT_CONVERSION = YES;
				CLANG_WARN_OBJC_ROOT_CLASS = YES_ERROR;
				CLANG_WARN_SUSPICIOUS_MOVE = YES;
				CLANG_WARN_UNREACHABLE_CODE = YES;
				CLANG_WARN__DUPLICATE_METHOD_MATCH = YES;
				"CODE_SIGN_IDENTITY[sdk=iphoneos*]" = "iPhone Developer";
				COPY_PHASE_STRIP = NO;
				DEBUG_INFORMATION_FORMAT = dwarf;
				ENABLE_STRICT_OBJC_MSGSEND = YES;
				ENABLE_TESTABILITY = YES;
				GCC_C_LANGUAGE_STANDARD = gnu99;
				GCC_DYNAMIC_NO_PIC = NO;
				GCC_NO_COMMON_BLOCKS = YES;
				GCC_OPTIMIZATION_LEVEL = 0;
				GCC_PREPROCESSOR_DEFINITIONS = (
					"DEBUG=1",
					"$(inherited)",
				);
				GCC_WARN_64_TO_32_BIT_CONVERSION = YES;
				GCC_WARN_ABOUT_RETURN_TYPE = YES_ERROR;
				GCC_WARN_UNDECLARED_SELECTOR = YES;
				GCC_WARN_UNINITIALIZED_AUTOS = YES_AGGRESSIVE;
				GCC_WARN_UNUSED_FUNCTION = YES;
				GCC_WARN_UNUSED_VARIABLE = YES;
				IPHONEOS_DEPLOYMENT_TARGET = 10.3;
				MTL_ENABLE_DEBUG_INFO = YES;
				ONLY_ACTIVE_ARCH = YES;
				SDKROOT = iphoneos;
				SWIFT_ACTIVE_COMPILATION_CONDITIONS = DEBUG;
				SWIFT_OPTIMIZATION_LEVEL = "-Onone";
				TARGETED_DEVICE_FAMILY = "1,2";
			};
			name = Debug;
		};
		440C80B01EC518B20064911A /* Release */ = {
			isa = XCBuildConfiguration;
			buildSettings = {
				ALWAYS_SEARCH_USER_PATHS = NO;
				CLANG_ANALYZER_NONNULL = YES;
				CLANG_ANALYZER_NUMBER_OBJECT_CONVERSION = YES_AGGRESSIVE;
				CLANG_CXX_LANGUAGE_STANDARD = "gnu++0x";
				CLANG_CXX_LIBRARY = "libc++";
				CLANG_ENABLE_MODULES = YES;
				CLANG_ENABLE_OBJC_ARC = YES;
				CLANG_WARN_BOOL_CONVERSION = YES;
				CLANG_WARN_CONSTANT_CONVERSION = YES;
				CLANG_WARN_DIRECT_OBJC_ISA_USAGE = YES_ERROR;
				CLANG_WARN_DOCUMENTATION_COMMENTS = YES;
				CLANG_WARN_EMPTY_BODY = YES;
				CLANG_WARN_ENUM_CONVERSION = YES;
				CLANG_WARN_INFINITE_RECURSION = YES;
				CLANG_WARN_INT_CONVERSION = YES;
				CLANG_WARN_OBJC_ROOT_CLASS = YES_ERROR;
				CLANG_WARN_SUSPICIOUS_MOVE = YES;
				CLANG_WARN_UNREACHABLE_CODE = YES;
				CLANG_WARN__DUPLICATE_METHOD_MATCH = YES;
				"CODE_SIGN_IDENTITY[sdk=iphoneos*]" = "iPhone Developer";
				COPY_PHASE_STRIP = NO;
				DEBUG_INFORMATION_FORMAT = "dwarf-with-dsym";
				ENABLE_NS_ASSERTIONS = NO;
				ENABLE_STRICT_OBJC_MSGSEND = YES;
				GCC_C_LANGUAGE_STANDARD = gnu99;
				GCC_NO_COMMON_BLOCKS = YES;
				GCC_WARN_64_TO_32_BIT_CONVERSION = YES;
				GCC_WARN_ABOUT_RETURN_TYPE = YES_ERROR;
				GCC_WARN_UNDECLARED_SELECTOR = YES;
				GCC_WARN_UNINITIALIZED_AUTOS = YES_AGGRESSIVE;
				GCC_WARN_UNUSED_FUNCTION = YES;
				GCC_WARN_UNUSED_VARIABLE = YES;
				IPHONEOS_DEPLOYMENT_TARGET = 10.3;
				MTL_ENABLE_DEBUG_INFO = NO;
				SDKROOT = iphoneos;
				SWIFT_OPTIMIZATION_LEVEL = "-Owholemodule";
				TARGETED_DEVICE_FAMILY = "1,2";
				VALIDATE_PRODUCT = YES;
			};
			name = Release;
		};
		440C80B21EC518B20064911A /* Debug */ = {
			isa = XCBuildConfiguration;
			buildSettings = {
				ASSETCATALOG_COMPILER_APPICON_NAME = AppIcon;
				DEVELOPMENT_TEAM = BHMLWY8X4F;
				INFOPLIST_FILE = BballShoeCollector/Info.plist;
				LD_RUNPATH_SEARCH_PATHS = "$(inherited) @executable_path/Frameworks";
				PRODUCT_BUNDLE_IDENTIFIER = com.winstonlan.BballShoeCollector;
				PRODUCT_NAME = "$(TARGET_NAME)";
				SWIFT_VERSION = 3.0;
			};
			name = Debug;
		};
		440C80B31EC518B20064911A /* Release */ = {
			isa = XCBuildConfiguration;
			buildSettings = {
				ASSETCATALOG_COMPILER_APPICON_NAME = AppIcon;
				DEVELOPMENT_TEAM = BHMLWY8X4F;
				INFOPLIST_FILE = BballShoeCollector/Info.plist;
				LD_RUNPATH_SEARCH_PATHS = "$(inherited) @executable_path/Frameworks";
				PRODUCT_BUNDLE_IDENTIFIER = com.winstonlan.BballShoeCollector;
				PRODUCT_NAME = "$(TARGET_NAME)";
				SWIFT_VERSION = 3.0;
			};
			name = Release;
		};
/* End XCBuildConfiguration section */

/* Begin XCConfigurationList section */
		440C80971EC518B20064911A /* Build configuration list for PBXProject "BballShoeCollector" */ = {
			isa = XCConfigurationList;
			buildConfigurations = (
				440C80AF1EC518B20064911A /* Debug */,
				440C80B01EC518B20064911A /* Release */,
			);
			defaultConfigurationIsVisible = 0;
			defaultConfigurationName = Release;
		};
		440C80B11EC518B20064911A /* Build configuration list for PBXNativeTarget "BballShoeCollector" */ = {
			isa = XCConfigurationList;
			buildConfigurations = (
				440C80B21EC518B20064911A /* Debug */,
				440C80B31EC518B20064911A /* Release */,
			);
			defaultConfigurationIsVisible = 0;
		};
/* End XCConfigurationList section */

/* Begin XCVersionGroup section */
		440C80A61EC518B20064911A /* BballShoeCollector.xcdatamodeld */ = {
			isa = XCVersionGroup;
			children = (
				440C80A71EC518B20064911A /* BballShoeCollector.xcdatamodel */,
			);
			currentVersion = 440C80A71EC518B20064911A /* BballShoeCollector.xcdatamodel */;
			path = BballShoeCollector.xcdatamodeld;
			sourceTree = "<group>";
			versionGroupType = wrapper.xcdatamodel;
		};
/* End XCVersionGroup section */
	};
	rootObject = 440C80941EC518B20064911A /* Project object */;
}
